
Microsoft Visual Studio Solution File, Format Version 12.00
# Visual Studio Version 17
VisualStudioVersion = 17.8.34330.188
MinimumVisualStudioVersion = 10.0.40219.1
Project("{FAE04EC0-301F-11D3-BF4B-00C04F79EFBC}") = "WindowsForm_FlappyBird", "WindowsForm_FlappyBird\WindowsForm_FlappyBird.csproj", "{DD5A1002-09CD-4C57-8285-4BFB310521CA}"
EndProject
Global
	GlobalSection(SolutionConfigurationPlatforms) = preSolution
		Debug|Any CPU = Debug|Any CPU
		Release|Any CPU = Release|Any CPU
	EndGlobalSection
	GlobalSection(ProjectConfigurationPlatforms) = postSolution
		{DD5A1002-09CD-4C57-8285-4BFB310521CA}.Debug|Any CPU.ActiveCfg = Debug|Any CPU
		{DD5A1002-09CD-4C57-8285-4BFB310521CA}.Debug|Any CPU.Build.0 = Debug|Any CPU
		{DD5A1002-09CD-4C57-8285-4BFB310521CA}.Release|Any CPU.ActiveCfg = Release|Any CPU
		{DD5A1002-09CD-4C57-8285-4BFB310521CA}.Release|Any CPU.Build.0 = Release|Any CPU
	EndGlobalSection
	GlobalSection(SolutionProperties) = preSolution
		HideSolutionNode = FALSE
	EndGlobalSection
	GlobalSection(ExtensibilityGlobals) = postSolution
		SolutionGuid = {3B163D65-0E17-49B4-BB63-9576E19CBC16}
	EndGlobalSection
EndGlobal
